// !$*UTF8*$!
{
	archiveVersion = 1;
	classes = {
	};
	objectVersion = 56;
	objects = {

/* Begin PBXBuildFile section */
		049E1E3F2AB060A900A9EF69 /* TiraApp.swift in Sources */ = {isa = PBXBuildFile; fileRef = 049E1E3E2AB060A900A9EF69 /* TiraApp.swift */; };
		049E1E412AB060A900A9EF69 /* ContentView.swift in Sources */ = {isa = PBXBuildFile; fileRef = 049E1E402AB060A900A9EF69 /* ContentView.swift */; };
		049E1E432AB060A900A9EF69 /* Item.swift in Sources */ = {isa = PBXBuildFile; fileRef = 049E1E422AB060A900A9EF69 /* Item.swift */; };
		049E1E452AB060AA00A9EF69 /* Assets.xcassets in Resources */ = {isa = PBXBuildFile; fileRef = 049E1E442AB060AA00A9EF69 /* Assets.xcassets */; };
		049E1E482AB060AA00A9EF69 /* Preview Assets.xcassets in Resources */ = {isa = PBXBuildFile; fileRef = 049E1E472AB060AA00A9EF69 /* Preview Assets.xcassets */; };
		049E1E532AB060AA00A9EF69 /* TiraTests.swift in Sources */ = {isa = PBXBuildFile; fileRef = 049E1E522AB060AA00A9EF69 /* TiraTests.swift */; };
		049E1E5D2AB060AA00A9EF69 /* TiraUITests.swift in Sources */ = {isa = PBXBuildFile; fileRef = 049E1E5C2AB060AA00A9EF69 /* TiraUITests.swift */; };
		049E1E5F2AB060AA00A9EF69 /* TiraUITestsLaunchTests.swift in Sources */ = {isa = PBXBuildFile; fileRef = 049E1E5E2AB060AA00A9EF69 /* TiraUITestsLaunchTests.swift */; };
/* End PBXBuildFile section */

/* Begin PBXContainerItemProxy section */
		049E1E4F2AB060AA00A9EF69 /* PBXContainerItemProxy */ = {
			isa = PBXContainerItemProxy;
			containerPortal = 049E1E332AB060A900A9EF69 /* Project object */;
			proxyType = 1;
			remoteGlobalIDString = 049E1E3A2AB060A900A9EF69;
			remoteInfo = Tira;
		};
		049E1E592AB060AA00A9EF69 /* PBXContainerItemProxy */ = {
			isa = PBXContainerItemProxy;
			containerPortal = 049E1E332AB060A900A9EF69 /* Project object */;
			proxyType = 1;
			remoteGlobalIDString = 049E1E3A2AB060A900A9EF69;
			remoteInfo = Tira;
		};
/* End PBXContainerItemProxy section */

/* Begin PBXFileReference section */
		049E1E3B2AB060A900A9EF69 /* Tira.app */ = {isa = PBXFileReference; explicitFileType = wrapper.application; includeInIndex = 0; path = Tira.app; sourceTree = BUILT_PRODUCTS_DIR; };
		049E1E3E2AB060A900A9EF69 /* TiraApp.swift */ = {isa = PBXFileReference; lastKnownFileType = sourcecode.swift; path = TiraApp.swift; sourceTree = "<group>"; };
		049E1E402AB060A900A9EF69 /* ContentView.swift */ = {isa = PBXFileReference; lastKnownFileType = sourcecode.swift; path = ContentView.swift; sourceTree = "<group>"; };
		049E1E422AB060A900A9EF69 /* Item.swift */ = {isa = PBXFileReference; lastKnownFileType = sourcecode.swift; path = Item.swift; sourceTree = "<group>"; };
		049E1E442AB060AA00A9EF69 /* Assets.xcassets */ = {isa = PBXFileReference; lastKnownFileType = folder.assetcatalog; path = Assets.xcassets; sourceTree = "<group>"; };
		049E1E472AB060AA00A9EF69 /* Preview Assets.xcassets */ = {isa = PBXFileReference; lastKnownFileType = folder.assetcatalog; path = "Preview Assets.xcassets"; sourceTree = "<group>"; };
		049E1E492AB060AA00A9EF69 /* Tira.entitlements */ = {isa = PBXFileReference; lastKnownFileType = text.plist.entitlements; path = Tira.entitlements; sourceTree = "<group>"; };
		049E1E4E2AB060AA00A9EF69 /* TiraTests.xctest */ = {isa = PBXFileReference; explicitFileType = wrapper.cfbundle; includeInIndex = 0; path = TiraTests.xctest; sourceTree = BUILT_PRODUCTS_DIR; };
		049E1E522AB060AA00A9EF69 /* TiraTests.swift */ = {isa = PBXFileReference; lastKnownFileType = sourcecode.swift; path = TiraTests.swift; sourceTree = "<group>"; };
		049E1E582AB060AA00A9EF69 /* TiraUITests.xctest */ = {isa = PBXFileReference; explicitFileType = wrapper.cfbundle; includeInIndex = 0; path = TiraUITests.xctest; sourceTree = BUILT_PRODUCTS_DIR; };
		049E1E5C2AB060AA00A9EF69 /* TiraUITests.swift */ = {isa = PBXFileReference; lastKnownFileType = sourcecode.swift; path = TiraUITests.swift; sourceTree = "<group>"; };
		049E1E5E2AB060AA00A9EF69 /* TiraUITestsLaunchTests.swift */ = {isa = PBXFileReference; lastKnownFileType = sourcecode.swift; path = TiraUITestsLaunchTests.swift; sourceTree = "<group>"; };
/* End PBXFileReference section */

/* Begin PBXFrameworksBuildPhase section */
		049E1E382AB060A900A9EF69 /* Frameworks */ = {
			isa = PBXFrameworksBuildPhase;
			buildActionMask = 2147483647;
			files = (
			);
			runOnlyForDeploymentPostprocessing = 0;
		};
		049E1E4B2AB060AA00A9EF69 /* Frameworks */ = {
			isa = PBXFrameworksBuildPhase;
			buildActionMask = 2147483647;
			files = (
			);
			runOnlyForDeploymentPostprocessing = 0;
		};
		049E1E552AB060AA00A9EF69 /* Frameworks */ = {
			isa = PBXFrameworksBuildPhase;
			buildActionMask = 2147483647;
			files = (
			);
			runOnlyForDeploymentPostprocessing = 0;
		};
/* End PBXFrameworksBuildPhase section */

/* Begin PBXGroup section */
		049E1E322AB060A900A9EF69 = {
			isa = PBXGroup;
			children = (
				049E1E3D2AB060A900A9EF69 /* Tira */,
				049E1E512AB060AA00A9EF69 /* TiraTests */,
				049E1E5B2AB060AA00A9EF69 /* TiraUITests */,
				049E1E3C2AB060A900A9EF69 /* Products */,
			);
			sourceTree = "<group>";
		};
		049E1E3C2AB060A900A9EF69 /* Products */ = {
			isa = PBXGroup;
			children = (
				049E1E3B2AB060A900A9EF69 /* Tira.app */,
				049E1E4E2AB060AA00A9EF69 /* TiraTests.xctest */,
				049E1E582AB060AA00A9EF69 /* TiraUITests.xctest */,
			);
			name = Products;
			sourceTree = "<group>";
		};
		049E1E3D2AB060A900A9EF69 /* Tira */ = {
			isa = PBXGroup;
			children = (
				049E1E3E2AB060A900A9EF69 /* TiraApp.swift */,
				049E1E402AB060A900A9EF69 /* ContentView.swift */,
				049E1E422AB060A900A9EF69 /* Item.swift */,
				049E1E442AB060AA00A9EF69 /* Assets.xcassets */,
				049E1E492AB060AA00A9EF69 /* Tira.entitlements */,
				049E1E462AB060AA00A9EF69 /* Preview Content */,
			);
			path = Tira;
			sourceTree = "<group>";
		};
		049E1E462AB060AA00A9EF69 /* Preview Content */ = {
			isa = PBXGroup;
			children = (
				049E1E472AB060AA00A9EF69 /* Preview Assets.xcassets */,
			);
			path = "Preview Content";
			sourceTree = "<group>";
		};
		049E1E512AB060AA00A9EF69 /* TiraTests */ = {
			isa = PBXGroup;
			children = (
				049E1E522AB060AA00A9EF69 /* TiraTests.swift */,
			);
			path = TiraTests;
			sourceTree = "<group>";
		};
		049E1E5B2AB060AA00A9EF69 /* TiraUITests */ = {
			isa = PBXGroup;
			children = (
				049E1E5C2AB060AA00A9EF69 /* TiraUITests.swift */,
				049E1E5E2AB060AA00A9EF69 /* TiraUITestsLaunchTests.swift */,
			);
			path = TiraUITests;
			sourceTree = "<group>";
		};
/* End PBXGroup section */

/* Begin PBXNativeTarget section */
		049E1E3A2AB060A900A9EF69 /* Tira */ = {
			isa = PBXNativeTarget;
			buildConfigurationList = 049E1E622AB060AA00A9EF69 /* Build configuration list for PBXNativeTarget "Tira" */;
			buildPhases = (
				049E1E372AB060A900A9EF69 /* Sources */,
				049E1E382AB060A900A9EF69 /* Frameworks */,
				049E1E392AB060A900A9EF69 /* Resources */,
			);
			buildRules = (
			);
			dependencies = (
			);
			name = Tira;
			productName = Tira;
			productReference = 049E1E3B2AB060A900A9EF69 /* Tira.app */;
			productType = "com.apple.product-type.application";
		};
		049E1E4D2AB060AA00A9EF69 /* TiraTests */ = {
			isa = PBXNativeTarget;
			buildConfigurationList = 049E1E652AB060AA00A9EF69 /* Build configuration list for PBXNativeTarget "TiraTests" */;
			buildPhases = (
				049E1E4A2AB060AA00A9EF69 /* Sources */,
				049E1E4B2AB060AA00A9EF69 /* Frameworks */,
				049E1E4C2AB060AA00A9EF69 /* Resources */,
			);
			buildRules = (
			);
			dependencies = (
				049E1E502AB060AA00A9EF69 /* PBXTargetDependency */,
			);
			name = TiraTests;
			productName = TiraTests;
			productReference = 049E1E4E2AB060AA00A9EF69 /* TiraTests.xctest */;
			productType = "com.apple.product-type.bundle.unit-test";
		};
		049E1E572AB060AA00A9EF69 /* TiraUITests */ = {
			isa = PBXNativeTarget;
			buildConfigurationList = 049E1E682AB060AA00A9EF69 /* Build configuration list for PBXNativeTarget "TiraUITests" */;
			buildPhases = (
				049E1E542AB060AA00A9EF69 /* Sources */,
				049E1E552AB060AA00A9EF69 /* Frameworks */,
				049E1E562AB060AA00A9EF69 /* Resources */,
			);
			buildRules = (
			);
			dependencies = (
				049E1E5A2AB060AA00A9EF69 /* PBXTargetDependency */,
			);
			name = TiraUITests;
			productName = TiraUITests;
			productReference = 049E1E582AB060AA00A9EF69 /* TiraUITests.xctest */;
			productType = "com.apple.product-type.bundle.ui-testing";
		};
/* End PBXNativeTarget section */

/* Begin PBXProject section */
		049E1E332AB060A900A9EF69 /* Project object */ = {
			isa = PBXProject;
			attributes = {
				BuildIndependentTargetsInParallel = 1;
				LastSwiftUpdateCheck = 1500;
				LastUpgradeCheck = 1500;
				TargetAttributes = {
					049E1E3A2AB060A900A9EF69 = {
						CreatedOnToolsVersion = 15.0;
					};
					049E1E4D2AB060AA00A9EF69 = {
						CreatedOnToolsVersion = 15.0;
						TestTargetID = 049E1E3A2AB060A900A9EF69;
					};
					049E1E572AB060AA00A9EF69 = {
						CreatedOnToolsVersion = 15.0;
						TestTargetID = 049E1E3A2AB060A900A9EF69;
					};
				};
			};
			buildConfigurationList = 049E1E362AB060A900A9EF69 /* Build configuration list for PBXProject "Tira" */;
			compatibilityVersion = "Xcode 14.0";
			developmentRegion = en;
			hasScannedForEncodings = 0;
			knownRegions = (
				en,
				Base,
			);
			mainGroup = 049E1E322AB060A900A9EF69;
			productRefGroup = 049E1E3C2AB060A900A9EF69 /* Products */;
			projectDirPath = "";
			projectRoot = "";
			targets = (
				049E1E3A2AB060A900A9EF69 /* Tira */,
				049E1E4D2AB060AA00A9EF69 /* TiraTests */,
				049E1E572AB060AA00A9EF69 /* TiraUITests */,
			);
		};
/* End PBXProject section */

/* Begin PBXResourcesBuildPhase section */
		049E1E392AB060A900A9EF69 /* Resources */ = {
			isa = PBXResourcesBuildPhase;
			buildActionMask = 2147483647;
			files = (
				049E1E482AB060AA00A9EF69 /* Preview Assets.xcassets in Resources */,
				049E1E452AB060AA00A9EF69 /* Assets.xcassets in Resources */,
			);
			runOnlyForDeploymentPostprocessing = 0;
		};
		049E1E4C2AB060AA00A9EF69 /* Resources */ = {
			isa = PBXResourcesBuildPhase;
			buildActionMask = 2147483647;
			files = (
			);
			runOnlyForDeploymentPostprocessing = 0;
		};
		049E1E562AB060AA00A9EF69 /* Resources */ = {
			isa = PBXResourcesBuildPhase;
			buildActionMask = 2147483647;
			files = (
			);
			runOnlyForDeploymentPostprocessing = 0;
		};
/* End PBXResourcesBuildPhase section */

/* Begin PBXSourcesBuildPhase section */
		049E1E372AB060A900A9EF69 /* Sources */ = {
			isa = PBXSourcesBuildPhase;
			buildActionMask = 2147483647;
			files = (
				049E1E412AB060A900A9EF69 /* ContentView.swift in Sources */,
				049E1E432AB060A900A9EF69 /* Item.swift in Sources */,
				049E1E3F2AB060A900A9EF69 /* TiraApp.swift in Sources */,
			);
			runOnlyForDeploymentPostprocessing = 0;
		};
		049E1E4A2AB060AA00A9EF69 /* Sources */ = {
			isa = PBXSourcesBuildPhase;
			buildActionMask = 2147483647;
			files = (
				049E1E532AB060AA00A9EF69 /* TiraTests.swift in Sources */,
			);
			runOnlyForDeploymentPostprocessing = 0;
		};
		049E1E542AB060AA00A9EF69 /* Sources */ = {
			isa = PBXSourcesBuildPhase;
			buildActionMask = 2147483647;
			files = (
				049E1E5F2AB060AA00A9EF69 /* TiraUITestsLaunchTests.swift in Sources */,
				049E1E5D2AB060AA00A9EF69 /* TiraUITests.swift in Sources */,
			);
			runOnlyForDeploymentPostprocessing = 0;
		};
/* End PBXSourcesBuildPhase section */

/* Begin PBXTargetDependency section */
		049E1E502AB060AA00A9EF69 /* PBXTargetDependency */ = {
			isa = PBXTargetDependency;
			target = 049E1E3A2AB060A900A9EF69 /* Tira */;
			targetProxy = 049E1E4F2AB060AA00A9EF69 /* PBXContainerItemProxy */;
		};
		049E1E5A2AB060AA00A9EF69 /* PBXTargetDependency */ = {
			isa = PBXTargetDependency;
			target = 049E1E3A2AB060A900A9EF69 /* Tira */;
			targetProxy = 049E1E592AB060AA00A9EF69 /* PBXContainerItemProxy */;
		};
/* End PBXTargetDependency section */

/* Begin XCBuildConfiguration section */
		049E1E602AB060AA00A9EF69 /* Debug */ = {
			isa = XCBuildConfiguration;
			buildSettings = {
				ALWAYS_SEARCH_USER_PATHS = NO;
				ASSETCATALOG_COMPILER_GENERATE_SWIFT_ASSET_SYMBOL_EXTENSIONS = YES;
				CLANG_ANALYZER_NONNULL = YES;
				CLANG_ANALYZER_NUMBER_OBJECT_CONVERSION = YES_AGGRESSIVE;
				CLANG_CXX_LANGUAGE_STANDARD = "gnu++20";
				CLANG_ENABLE_MODULES = YES;
				CLANG_ENABLE_OBJC_ARC = YES;
				CLANG_ENABLE_OBJC_WEAK = YES;
				CLANG_WARN_BLOCK_CAPTURE_AUTORELEASING = YES;
				CLANG_WARN_BOOL_CONVERSION = YES;
				CLANG_WARN_COMMA = YES;
				CLANG_WARN_CONSTANT_CONVERSION = YES;
				CLANG_WARN_DEPRECATED_OBJC_IMPLEMENTATIONS = YES;
				CLANG_WARN_DIRECT_OBJC_ISA_USAGE = YES_ERROR;
				CLANG_WARN_DOCUMENTATION_COMMENTS = YES;
				CLANG_WARN_EMPTY_BODY = YES;
				CLANG_WARN_ENUM_CONVERSION = YES;
				CLANG_WARN_INFINITE_RECURSION = YES;
				CLANG_WARN_INT_CONVERSION = YES;
				CLANG_WARN_NON_LITERAL_NULL_CONVERSION = YES;
				CLANG_WARN_OBJC_IMPLICIT_RETAIN_SELF = YES;
				CLANG_WARN_OBJC_LITERAL_CONVERSION = YES;
				CLANG_WARN_OBJC_ROOT_CLASS = YES_ERROR;
				CLANG_WARN_QUOTED_INCLUDE_IN_FRAMEWORK_HEADER = YES;
				CLANG_WARN_RANGE_LOOP_ANALYSIS = YES;
				CLANG_WARN_STRICT_PROTOTYPES = YES;
				CLANG_WARN_SUSPICIOUS_MOVE = YES;
				CLANG_WARN_UNGUARDED_AVAILABILITY = YES_AGGRESSIVE;
				CLANG_WARN_UNREACHABLE_CODE = YES;
				CLANG_WARN__DUPLICATE_METHOD_MATCH = YES;
				COPY_PHASE_STRIP = NO;
				DEBUG_INFORMATION_FORMAT = dwarf;
				ENABLE_STRICT_OBJC_MSGSEND = YES;
				ENABLE_TESTABILITY = YES;
				ENABLE_USER_SCRIPT_SANDBOXING = YES;
				GCC_C_LANGUAGE_STANDARD = gnu17;
				GCC_DYNAMIC_NO_PIC = NO;
				GCC_NO_COMMON_BLOCKS = YES;
				GCC_OPTIMIZATION_LEVEL = 0;
				GCC_PREPROCESSOR_DEFINITIONS = (
					"DEBUG=1",
					"$(inherited)",
				);
				GCC_WARN_64_TO_32_BIT_CONVERSION = YES;
				GCC_WARN_ABOUT_RETURN_TYPE = YES_ERROR;
				GCC_WARN_UNDECLARED_SELECTOR = YES;
				GCC_WARN_UNINITIALIZED_AUTOS = YES_AGGRESSIVE;
				GCC_WARN_UNUSED_FUNCTION = YES;
				GCC_WARN_UNUSED_VARIABLE = YES;
				LOCALIZATION_PREFERS_STRING_CATALOGS = YES;
				MACOSX_DEPLOYMENT_TARGET = 14.0;
				MTL_ENABLE_DEBUG_INFO = INCLUDE_SOURCE;
				MTL_FAST_MATH = YES;
				ONLY_ACTIVE_ARCH = YES;
				SDKROOT = macosx;
				SWIFT_ACTIVE_COMPILATION_CONDITIONS = "DEBUG $(inherited)";
				SWIFT_OPTIMIZATION_LEVEL = "-Onone";
			};
			name = Debug;
		};
		049E1E612AB060AA00A9EF69 /* Release */ = {
			isa = XCBuildConfiguration;
			buildSettings = {
				ALWAYS_SEARCH_USER_PATHS = NO;
				ASSETCATALOG_COMPILER_GENERATE_SWIFT_ASSET_SYMBOL_EXTENSIONS = YES;
				CLANG_ANALYZER_NONNULL = YES;
				CLANG_ANALYZER_NUMBER_OBJECT_CONVERSION = YES_AGGRESSIVE;
				CLANG_CXX_LANGUAGE_STANDARD = "gnu++20";
				CLANG_ENABLE_MODULES = YES;
				CLANG_ENABLE_OBJC_ARC = YES;
				CLANG_ENABLE_OBJC_WEAK = YES;
				CLANG_WARN_BLOCK_CAPTURE_AUTORELEASING = YES;
				CLANG_WARN_BOOL_CONVERSION = YES;
				CLANG_WARN_COMMA = YES;
				CLANG_WARN_CONSTANT_CONVERSION = YES;
				CLANG_WARN_DEPRECATED_OBJC_IMPLEMENTATIONS = YES;
				CLANG_WARN_DIRECT_OBJC_ISA_USAGE = YES_ERROR;
				CLANG_WARN_DOCUMENTATION_COMMENTS = YES;
				CLANG_WARN_EMPTY_BODY = YES;
				CLANG_WARN_ENUM_CONVERSION = YES;
				CLANG_WARN_INFINITE_RECURSION = YES;
				CLANG_WARN_INT_CONVERSION = YES;
				CLANG_WARN_NON_LITERAL_NULL_CONVERSION = YES;
				CLANG_WARN_OBJC_IMPLICIT_RETAIN_SELF = YES;
				CLANG_WARN_OBJC_LITERAL_CONVERSION = YES;
				CLANG_WARN_OBJC_ROOT_CLASS = YES_ERROR;
				CLANG_WARN_QUOTED_INCLUDE_IN_FRAMEWORK_HEADER = YES;
				CLANG_WARN_RANGE_LOOP_ANALYSIS = YES;
				CLANG_WARN_STRICT_PROTOTYPES = YES;
				CLANG_WARN_SUSPICIOUS_MOVE = YES;
				CLANG_WARN_UNGUARDED_AVAILABILITY = YES_AGGRESSIVE;
				CLANG_WARN_UNREACHABLE_CODE = YES;
				CLANG_WARN__DUPLICATE_METHOD_MATCH = YES;
				COPY_PHASE_STRIP = NO;
				DEBUG_INFORMATION_FORMAT = "dwarf-with-dsym";
				ENABLE_NS_ASSERTIONS = NO;
				ENABLE_STRICT_OBJC_MSGSEND = YES;
				ENABLE_USER_SCRIPT_SANDBOXING = YES;
				GCC_C_LANGUAGE_STANDARD = gnu17;
				GCC_NO_COMMON_BLOCKS = YES;
				GCC_WARN_64_TO_32_BIT_CONVERSION = YES;
				GCC_WARN_ABOUT_RETURN_TYPE = YES_ERROR;
				GCC_WARN_UNDECLARED_SELECTOR = YES;
				GCC_WARN_UNINITIALIZED_AUTOS = YES_AGGRESSIVE;
				GCC_WARN_UNUSED_FUNCTION = YES;
				GCC_WARN_UNUSED_VARIABLE = YES;
				LOCALIZATION_PREFERS_STRING_CATALOGS = YES;
				MACOSX_DEPLOYMENT_TARGET = 14.0;
				MTL_ENABLE_DEBUG_INFO = NO;
				MTL_FAST_MATH = YES;
				SDKROOT = macosx;
				SWIFT_COMPILATION_MODE = wholemodule;
			};
			name = Release;
		};
		049E1E632AB060AA00A9EF69 /* Debug */ = {
			isa = XCBuildConfiguration;
			buildSettings = {
				ASSETCATALOG_COMPILER_APPICON_NAME = AppIcon;
				ASSETCATALOG_COMPILER_GLOBAL_ACCENT_COLOR_NAME = AccentColor;
				CODE_SIGN_ENTITLEMENTS = Tira/Tira.entitlements;
				CODE_SIGN_STYLE = Automatic;
				COMBINE_HIDPI_IMAGES = YES;
				CURRENT_PROJECT_VERSION = 1;
				DEVELOPMENT_ASSET_PATHS = "\"Tira/Preview Content\"";
				DEVELOPMENT_TEAM = 8KAND67JY6;
				ENABLE_HARDENED_RUNTIME = YES;
				ENABLE_PREVIEWS = YES;
				GENERATE_INFOPLIST_FILE = YES;
				INFOPLIST_KEY_NSHumanReadableCopyright = "";
				LD_RUNPATH_SEARCH_PATHS = (
					"$(inherited)",
					"@executable_path/../Frameworks",
				);
				MACOSX_DEPLOYMENT_TARGET = 14.0;
				MARKETING_VERSION = 1.0;
				PRODUCT_BUNDLE_IDENTIFIER = us.natjam.Tira;
				PRODUCT_NAME = "$(TARGET_NAME)";
				SWIFT_EMIT_LOC_STRINGS = YES;
				SWIFT_VERSION = 5.0;
			};
			name = Debug;
		};
		049E1E642AB060AA00A9EF69 /* Release */ = {
			isa = XCBuildConfiguration;
			buildSettings = {
				ASSETCATALOG_COMPILER_APPICON_NAME = AppIcon;
				ASSETCATALOG_COMPILER_GLOBAL_ACCENT_COLOR_NAME = AccentColor;
				CODE_SIGN_ENTITLEMENTS = Tira/Tira.entitlements;
				CODE_SIGN_STYLE = Automatic;
				COMBINE_HIDPI_IMAGES = YES;
				CURRENT_PROJECT_VERSION = 1;
				DEVELOPMENT_ASSET_PATHS = "\"Tira/Preview Content\"";
				DEVELOPMENT_TEAM = 8KAND67JY6;
				ENABLE_HARDENED_RUNTIME = YES;
				ENABLE_PREVIEWS = YES;
				GENERATE_INFOPLIST_FILE = YES;
				INFOPLIST_KEY_NSHumanReadableCopyright = "";
				LD_RUNPATH_SEARCH_PATHS = (
					"$(inherited)",
					"@executable_path/../Frameworks",
				);
				MACOSX_DEPLOYMENT_TARGET = 14.0;
				MARKETING_VERSION = 1.0;
				PRODUCT_BUNDLE_IDENTIFIER = us.natjam.Tira;
				PRODUCT_NAME = "$(TARGET_NAME)";
				SWIFT_EMIT_LOC_STRINGS = YES;
				SWIFT_VERSION = 5.0;
			};
			name = Release;
		};
		049E1E662AB060AA00A9EF69 /* Debug */ = {
			isa = XCBuildConfiguration;
			buildSettings = {
				ALWAYS_EMBED_SWIFT_STANDARD_LIBRARIES = YES;
				BUNDLE_LOADER = "$(TEST_HOST)";
				CODE_SIGN_STYLE = Automatic;
				CURRENT_PROJECT_VERSION = 1;
				DEVELOPMENT_TEAM = 8KAND67JY6;
				GENERATE_INFOPLIST_FILE = YES;
				MACOSX_DEPLOYMENT_TARGET = 14.0;
				MARKETING_VERSION = 1.0;
				PRODUCT_BUNDLE_IDENTIFIER = us.natjam.TiraTests;
				PRODUCT_NAME = "$(TARGET_NAME)";
				SWIFT_EMIT_LOC_STRINGS = NO;
				SWIFT_VERSION = 5.0;
				TEST_HOST = "$(BUILT_PRODUCTS_DIR)/Tira.app/$(BUNDLE_EXECUTABLE_FOLDER_PATH)/Tira";
			};
			name = Debug;
		};
		049E1E672AB060AA00A9EF69 /* Release */ = {
			isa = XCBuildConfiguration;
			buildSettings = {
				ALWAYS_EMBED_SWIFT_STANDARD_LIBRARIES = YES;
				BUNDLE_LOADER = "$(TEST_HOST)";
				CODE_SIGN_STYLE = Automatic;
				CURRENT_PROJECT_VERSION = 1;
				DEVELOPMENT_TEAM = 8KAND67JY6;
				GENERATE_INFOPLIST_FILE = YES;
				MACOSX_DEPLOYMENT_TARGET = 14.0;
				MARKETING_VERSION = 1.0;
				PRODUCT_BUNDLE_IDENTIFIER = us.natjam.TiraTests;
				PRODUCT_NAME = "$(TARGET_NAME)";
				SWIFT_EMIT_LOC_STRINGS = NO;
				SWIFT_VERSION = 5.0;
				TEST_HOST = "$(BUILT_PRODUCTS_DIR)/Tira.app/$(BUNDLE_EXECUTABLE_FOLDER_PATH)/Tira";
			};
			name = Release;
		};
		049E1E692AB060AA00A9EF69 /* Debug */ = {
			isa = XCBuildConfiguration;
			buildSettings = {
				ALWAYS_EMBED_SWIFT_STANDARD_LIBRARIES = YES;
				CODE_SIGN_STYLE = Automatic;
				CURRENT_PROJECT_VERSION = 1;
				DEVELOPMENT_TEAM = 8KAND67JY6;
				GENERATE_INFOPLIST_FILE = YES;
				MARKETING_VERSION = 1.0;
				PRODUCT_BUNDLE_IDENTIFIER = us.natjam.TiraUITests;
				PRODUCT_NAME = "$(TARGET_NAME)";
				SWIFT_EMIT_LOC_STRINGS = NO;
				SWIFT_VERSION = 5.0;
				TEST_TARGET_NAME = Tira;
			};
			name = Debug;
		};
		049E1E6A2AB060AA00A9EF69 /* Release */ = {
			isa = XCBuildConfiguration;
			buildSettings = {
				ALWAYS_EMBED_SWIFT_STANDARD_LIBRARIES = YES;
				CODE_SIGN_STYLE = Automatic;
				CURRENT_PROJECT_VERSION = 1;
				DEVELOPMENT_TEAM = 8KAND67JY6;
				GENERATE_INFOPLIST_FILE = YES;
				MARKETING_VERSION = 1.0;
				PRODUCT_BUNDLE_IDENTIFIER = us.natjam.TiraUITests;
				PRODUCT_NAME = "$(TARGET_NAME)";
				SWIFT_EMIT_LOC_STRINGS = NO;
				SWIFT_VERSION = 5.0;
				TEST_TARGET_NAME = Tira;
			};
			name = Release;
		};
/* End XCBuildConfiguration section */

/* Begin XCConfigurationList section */
		049E1E362AB060A900A9EF69 /* Build configuration list for PBXProject "Tira" */ = {
			isa = XCConfigurationList;
			buildConfigurations = (
				049E1E602AB060AA00A9EF69 /* Debug */,
				049E1E612AB060AA00A9EF69 /* Release */,
			);
			defaultConfigurationIsVisible = 0;
			defaultConfigurationName = Release;
		};
		049E1E622AB060AA00A9EF69 /* Build configuration list for PBXNativeTarget "Tira" */ = {
			isa = XCConfigurationList;
			buildConfigurations = (
				049E1E632AB060AA00A9EF69 /* Debug */,
				049E1E642AB060AA00A9EF69 /* Release */,
			);
			defaultConfigurationIsVisible = 0;
			defaultConfigurationName = Release;
		};
		049E1E652AB060AA00A9EF69 /* Build configuration list for PBXNativeTarget "TiraTests" */ = {
			isa = XCConfigurationList;
			buildConfigurations = (
				049E1E662AB060AA00A9EF69 /* Debug */,
				049E1E672AB060AA00A9EF69 /* Release */,
			);
			defaultConfigurationIsVisible = 0;
			defaultConfigurationName = Release;
		};
		049E1E682AB060AA00A9EF69 /* Build configuration list for PBXNativeTarget "TiraUITests" */ = {
			isa = XCConfigurationList;
			buildConfigurations = (
				049E1E692AB060AA00A9EF69 /* Debug */,
				049E1E6A2AB060AA00A9EF69 /* Release */,
			);
			defaultConfigurationIsVisible = 0;
			defaultConfigurationName = Release;
		};
/* End XCConfigurationList section */
	};
	rootObject = 049E1E332AB060A900A9EF69 /* Project object */;
}
